
Microsoft Visual Studio Solution File, Format Version 12.00
# Visual Studio Version 16
VisualStudioVersion = 16.0.33927.289
MinimumVisualStudioVersion = 10.0.40219.1
Project("{2150E333-8FDC-42A3-9474-1A3956D46DE8}") = "Task0", "Task0", "{375558F8-9EA3-4A5A-8467-CE9E0ED4AA0B}"
EndProject
Project("{FAE04EC0-301F-11D3-BF4B-00C04F79EFBC}") = "Tyuiu.ShtolVA.Spint1.Task0.V18", "Tyuiu.ShtolVA.Spint1.Task0.V18\Tyuiu.ShtolVA.Spint1.Task0.V18.csproj", "{05141432-ACE7-4845-9B20-E47655DA9010}"
EndProject
Project("{FAE04EC0-301F-11D3-BF4B-00C04F79EFBC}") = "Tyuiu.ShtolVA.Sprint1.Task0.V18.Test", "Tyuiu.ShtolVA.Sprint1.Task0.Test\Tyuiu.ShtolVA.Sprint1.Task0.V18.Test.csproj", "{CF334BE5-1311-4893-8090-F7FED8849C78}"
EndProject
Project("{FAE04EC0-301F-11D3-BF4B-00C04F79EFBC}") = "Tyuiu.ShtolVA.Sprint1.Task0.V18.Lib", "Tyuiu.ShtolVA.Sprint1.Task0.V18.Lib\Tyuiu.ShtolVA.Sprint1.Task0.V18.Lib.csproj", "{FB0AEB15-5A5C-4296-AA60-07DFCED46125}"
EndProject
Project("{2150E333-8FDC-42A3-9474-1A3956D46DE8}") = "Task1", "Task1", "{04973466-3C3E-456F-BA77-BD32903074A8}"
EndProject
Project("{FAE04EC0-301F-11D3-BF4B-00C04F79EFBC}") = "Tyuiu.ShtolVA.Sprint1.Task1.V28.Lib", "Tyuiu.ShtolVA.Sprint1.Task1.V28.Lib\Tyuiu.ShtolVA.Sprint1.Task1.V28.Lib.csproj", "{D2949492-7295-46FC-B4D6-130416B42050}"
EndProject
Project("{FAE04EC0-301F-11D3-BF4B-00C04F79EFBC}") = "Tyuiu.ShtolVA.Sprint1.Task1.V28", "Tyuiu.ShtolVA.Sprint1.Task1.V28\Tyuiu.ShtolVA.Sprint1.Task1.V28.csproj", "{1157D9DE-50D6-4E2C-A057-184031E81C96}"
EndProject
Project("{FAE04EC0-301F-11D3-BF4B-00C04F79EFBC}") = "Tyuiu.ShtolVA.Sprint1.Task1.V28.Test", "Tyuiu.ShtolVA.Sprint1.Task1.V28.Test\Tyuiu.ShtolVA.Sprint1.Task1.V28.Test.csproj", "{A59BF0C8-E49E-4EE8-A6DB-87E9F5E97A80}"
EndProject
Project("{2150E333-8FDC-42A3-9474-1A3956D46DE8}") = "Task2", "Task2", "{D64EA14F-67DD-443D-B59E-89129B3D041F}"
EndProject
Project("{FAE04EC0-301F-11D3-BF4B-00C04F79EFBC}") = "Tyuiu.ShtolVA.Sprint1.Task2.V16", "Tyuiu.ShtolVA.Sprint1.Task2.V16\Tyuiu.ShtolVA.Sprint1.Task2.V16.csproj", "{00E17839-FB48-4868-9F4C-06002EB264CE}"
EndProject
Project("{FAE04EC0-301F-11D3-BF4B-00C04F79EFBC}") = "Tyuiu.ShtolVA.Sprint1.Task2.V16.Lib", "Tyuiu.ShtolVA.Sprint1.Task2.V16.Lib\Tyuiu.ShtolVA.Sprint1.Task2.V16.Lib.csproj", "{A580206C-232F-4FE4-A4F0-6286572D514C}"
EndProject
Project("{FAE04EC0-301F-11D3-BF4B-00C04F79EFBC}") = "Tyuiu.ShtolVA.Sprint1.Task2.V16.Test", "Tyuiu.ShtolVA.Sprint1.Task2.V16.Test\Tyuiu.ShtolVA.Sprint1.Task2.V16.Test.csproj", "{91AF3A6F-1103-4D56-AE6E-ABAB92647309}"
EndProject
Project("{2150E333-8FDC-42A3-9474-1A3956D46DE8}") = "Task3", "Task3", "{6C0F7F83-05AA-4A11-B0D7-4C1A2E5B381D}"
EndProject
Project("{FAE04EC0-301F-11D3-BF4B-00C04F79EFBC}") = "Tyuiu.ShtolVA.Sprint1.Task3.V7", "Tyuiu.ShtolVA.Sprint1.Task3.V7\Tyuiu.ShtolVA.Sprint1.Task3.V7.csproj", "{B5218941-F842-4C1A-B12A-A1EA9A3F8E63}"
EndProject
Project("{FAE04EC0-301F-11D3-BF4B-00C04F79EFBC}") = "Tyuiu.ShtolVA.Sprint1.Task3.V7.Lib", "Tyuiu.ShtolVA.Sprint1.Task3.V7.Lib\Tyuiu.ShtolVA.Sprint1.Task3.V7.Lib.csproj", "{9901C04B-3AA8-4318-9884-B9413A11C951}"
EndProject
Project("{FAE04EC0-301F-11D3-BF4B-00C04F79EFBC}") = "Tyuiu.ShtolVA.Sprint1.Task3.V7.Test", "Tyuiu.ShtolVA.Sprint1.Task3.V7.Test\Tyuiu.ShtolVA.Sprint1.Task3.V7.Test.csproj", "{375DF06A-F309-43C2-A599-7B40543E21A9}"
EndProject
Project("{2150E333-8FDC-42A3-9474-1A3956D46DE8}") = "Task4", "Task4", "{DE187888-3438-4E70-AFDB-975AABC39CD0}"
EndProject
Project("{FAE04EC0-301F-11D3-BF4B-00C04F79EFBC}") = "Tyuiu.ShtolVA.Sprint1.Task4.V3", "Tyuiu.ShtolVA.Sprint1.Task4.V3\Tyuiu.ShtolVA.Sprint1.Task4.V3.csproj", "{05007712-B6C7-4D2A-AFA3-FF63672AC2E4}"
EndProject
Project("{FAE04EC0-301F-11D3-BF4B-00C04F79EFBC}") = "Tyuiu.ShtolVA.Sprint1.Task4.V3.Lib", "Tyuiu.ShtolVA.Sprint1.Task4.V3.Lib\Tyuiu.ShtolVA.Sprint1.Task4.V3.Lib.csproj", "{2FB8BE4B-74B8-449F-B5D5-36070368E303}"
EndProject
Project("{FAE04EC0-301F-11D3-BF4B-00C04F79EFBC}") = "Tyuiu.ShtolVA.Sprint1.Task4.V3.Test", "Tyuiu.ShtolVA.Sprint1.Task4.Test\Tyuiu.ShtolVA.Sprint1.Task4.V3.Test.csproj", "{6091BACA-A6BB-4892-B7FB-700B5012B5CF}"
EndProject
Project("{2150E333-8FDC-42A3-9474-1A3956D46DE8}") = "Task5", "Task5", "{D46F13EC-CF03-4A61-BED8-E98AE4C85B95}"
EndProject
Project("{FAE04EC0-301F-11D3-BF4B-00C04F79EFBC}") = "Tyuiu.ShtolVA.Sprint1.Task5.V3", "Tyuiu.ShtolVA.Sprint1.Task5.V3\Tyuiu.ShtolVA.Sprint1.Task5.V3.csproj", "{B0ED7D00-1A25-4C93-A21F-E7D7D3AEE5FD}"
EndProject
Project("{FAE04EC0-301F-11D3-BF4B-00C04F79EFBC}") = "Tyuiu.ShtolVA.Sprint1.Task5.V3.Lib", "Tyuiu.ShtolVA.Sprint1.Task5.V3.Lib\Tyuiu.ShtolVA.Sprint1.Task5.V3.Lib.csproj", "{77D73A42-E4C6-4E84-8792-556262FE32B5}"
EndProject
Project("{FAE04EC0-301F-11D3-BF4B-00C04F79EFBC}") = "Tyuiu.ShtolVA.Sprint1.Task5.V3.Test", "Tyuiu.ShtolVA.Sprint1.Task5.V3.Test\Tyuiu.ShtolVA.Sprint1.Task5.V3.Test.csproj", "{9514D744-5D31-4306-80A0-384695CBF5E3}"
EndProject
Project("{2150E333-8FDC-42A3-9474-1A3956D46DE8}") = "Task6", "Task6", "{D637CDB7-CE08-4291-AA5A-DF6CB9633215}"
EndProject
Project("{FAE04EC0-301F-11D3-BF4B-00C04F79EFBC}") = "Tyuiu.ShtolVA.Sprint1.Task6.V10", "Tyuiu.ShtolVA.Sprint1.Task6.V10\Tyuiu.ShtolVA.Sprint1.Task6.V10.csproj", "{E3B574E1-5129-4A34-A64E-B0AAA3539BAC}"
EndProject
Project("{FAE04EC0-301F-11D3-BF4B-00C04F79EFBC}") = "Tyuiu.ShtolVA.Sprint1.Task6.V10.Lib", "Tyuiu.ShtolVA.Sprint1.Task6.V10.Lib\Tyuiu.ShtolVA.Sprint1.Task6.V10.Lib.csproj", "{2613ADFE-3CCF-4E0A-8647-5269CACA4F16}"
EndProject
Project("{FAE04EC0-301F-11D3-BF4B-00C04F79EFBC}") = "Tyuiu.ShtolVA.Sprint1.Task6.V10.Test", "Tyuiu.ShtolVA.Sprint1.Task6.V10.Test\Tyuiu.ShtolVA.Sprint1.Task6.V10.Test.csproj", "{8AC82556-44DA-4B03-91B8-6E89FA765EAD}"
EndProject
Project("{2150E333-8FDC-42A3-9474-1A3956D46DE8}") = "Task7", "Task7", "{1B6609B7-549E-444E-80FE-68BA43A59005}"
EndProject
Project("{FAE04EC0-301F-11D3-BF4B-00C04F79EFBC}") = "Tyuiu.ShtolVA.Sprint1.Task7.V10", "Tyuiu.ShtolVA.Sprint1.Task7.V10\Tyuiu.ShtolVA.Sprint1.Task7.V10.csproj", "{BED3B90E-5999-4552-9963-14F55C799093}"
EndProject
Project("{FAE04EC0-301F-11D3-BF4B-00C04F79EFBC}") = "Tyuiu.ShtolVA.Sprint1.Task7.V10.Lib", "Tyuiu.ShtolVA.Sprint1.Task7.V10.Lib\Tyuiu.ShtolVA.Sprint1.Task7.V10.Lib.csproj", "{BB7B6353-C358-4239-A56D-823682A71B36}"
EndProject
Project("{FAE04EC0-301F-11D3-BF4B-00C04F79EFBC}") = "Tyuiu.ShtolVA.Sprint1.Task7.V10.Test", "Tyuiu.ShtolVA.Sprint1.Task7.V10.Test\Tyuiu.ShtolVA.Sprint1.Task7.V10.Test.csproj", "{DAD5FE69-76E9-464E-B5DB-B20ADCC93790}"
EndProject
Global
	GlobalSection(SolutionConfigurationPlatforms) = preSolution
		Debug|Any CPU = Debug|Any CPU
		Release|Any CPU = Release|Any CPU
	EndGlobalSection
	GlobalSection(ProjectConfigurationPlatforms) = postSolution
		{05141432-ACE7-4845-9B20-E47655DA9010}.Debug|Any CPU.ActiveCfg = Debug|Any CPU
		{05141432-ACE7-4845-9B20-E47655DA9010}.Debug|Any CPU.Build.0 = Debug|Any CPU
		{05141432-ACE7-4845-9B20-E47655DA9010}.Release|Any CPU.ActiveCfg = Release|Any CPU
		{05141432-ACE7-4845-9B20-E47655DA9010}.Release|Any CPU.Build.0 = Release|Any CPU
		{CF334BE5-1311-4893-8090-F7FED8849C78}.Debug|Any CPU.ActiveCfg = Debug|Any CPU
		{CF334BE5-1311-4893-8090-F7FED8849C78}.Debug|Any CPU.Build.0 = Debug|Any CPU
		{CF334BE5-1311-4893-8090-F7FED8849C78}.Release|Any CPU.ActiveCfg = Release|Any CPU
		{CF334BE5-1311-4893-8090-F7FED8849C78}.Release|Any CPU.Build.0 = Release|Any CPU
		{FB0AEB15-5A5C-4296-AA60-07DFCED46125}.Debug|Any CPU.ActiveCfg = Debug|Any CPU
		{FB0AEB15-5A5C-4296-AA60-07DFCED46125}.Debug|Any CPU.Build.0 = Debug|Any CPU
		{FB0AEB15-5A5C-4296-AA60-07DFCED46125}.Release|Any CPU.ActiveCfg = Release|Any CPU
		{FB0AEB15-5A5C-4296-AA60-07DFCED46125}.Release|Any CPU.Build.0 = Release|Any CPU
		{D2949492-7295-46FC-B4D6-130416B42050}.Debug|Any CPU.ActiveCfg = Debug|Any CPU
		{D2949492-7295-46FC-B4D6-130416B42050}.Debug|Any CPU.Build.0 = Debug|Any CPU
		{D2949492-7295-46FC-B4D6-130416B42050}.Release|Any CPU.ActiveCfg = Release|Any CPU
		{D2949492-7295-46FC-B4D6-130416B42050}.Release|Any CPU.Build.0 = Release|Any CPU
		{1157D9DE-50D6-4E2C-A057-184031E81C96}.Debug|Any CPU.ActiveCfg = Debug|Any CPU
		{1157D9DE-50D6-4E2C-A057-184031E81C96}.Debug|Any CPU.Build.0 = Debug|Any CPU
		{1157D9DE-50D6-4E2C-A057-184031E81C96}.Release|Any CPU.ActiveCfg = Release|Any CPU
		{1157D9DE-50D6-4E2C-A057-184031E81C96}.Release|Any CPU.Build.0 = Release|Any CPU
		{A59BF0C8-E49E-4EE8-A6DB-87E9F5E97A80}.Debug|Any CPU.ActiveCfg = Debug|Any CPU
		{A59BF0C8-E49E-4EE8-A6DB-87E9F5E97A80}.Debug|Any CPU.Build.0 = Debug|Any CPU
		{A59BF0C8-E49E-4EE8-A6DB-87E9F5E97A80}.Release|Any CPU.ActiveCfg = Release|Any CPU
		{A59BF0C8-E49E-4EE8-A6DB-87E9F5E97A80}.Release|Any CPU.Build.0 = Release|Any CPU
		{00E17839-FB48-4868-9F4C-06002EB264CE}.Debug|Any CPU.ActiveCfg = Debug|Any CPU
		{00E17839-FB48-4868-9F4C-06002EB264CE}.Debug|Any CPU.Build.0 = Debug|Any CPU
		{00E17839-FB48-4868-9F4C-06002EB264CE}.Release|Any CPU.ActiveCfg = Release|Any CPU
		{00E17839-FB48-4868-9F4C-06002EB264CE}.Release|Any CPU.Build.0 = Release|Any CPU
		{A580206C-232F-4FE4-A4F0-6286572D514C}.Debug|Any CPU.ActiveCfg = Debug|Any CPU
		{A580206C-232F-4FE4-A4F0-6286572D514C}.Debug|Any CPU.Build.0 = Debug|Any CPU
		{A580206C-232F-4FE4-A4F0-6286572D514C}.Release|Any CPU.ActiveCfg = Release|Any CPU
		{A580206C-232F-4FE4-A4F0-6286572D514C}.Release|Any CPU.Build.0 = Release|Any CPU
		{91AF3A6F-1103-4D56-AE6E-ABAB92647309}.Debug|Any CPU.ActiveCfg = Debug|Any CPU
		{91AF3A6F-1103-4D56-AE6E-ABAB92647309}.Debug|Any CPU.Build.0 = Debug|Any CPU
		{91AF3A6F-1103-4D56-AE6E-ABAB92647309}.Release|Any CPU.ActiveCfg = Release|Any CPU
		{91AF3A6F-1103-4D56-AE6E-ABAB92647309}.Release|Any CPU.Build.0 = Release|Any CPU
		{B5218941-F842-4C1A-B12A-A1EA9A3F8E63}.Debug|Any CPU.ActiveCfg = Debug|Any CPU
		{B5218941-F842-4C1A-B12A-A1EA9A3F8E63}.Debug|Any CPU.Build.0 = Debug|Any CPU
		{B5218941-F842-4C1A-B12A-A1EA9A3F8E63}.Release|Any CPU.ActiveCfg = Release|Any CPU
		{B5218941-F842-4C1A-B12A-A1EA9A3F8E63}.Release|Any CPU.Build.0 = Release|Any CPU
		{9901C04B-3AA8-4318-9884-B9413A11C951}.Debug|Any CPU.ActiveCfg = Debug|Any CPU
		{9901C04B-3AA8-4318-9884-B9413A11C951}.Debug|Any CPU.Build.0 = Debug|Any CPU
		{9901C04B-3AA8-4318-9884-B9413A11C951}.Release|Any CPU.ActiveCfg = Release|Any CPU
		{9901C04B-3AA8-4318-9884-B9413A11C951}.Release|Any CPU.Build.0 = Release|Any CPU
		{375DF06A-F309-43C2-A599-7B40543E21A9}.Debug|Any CPU.ActiveCfg = Debug|Any CPU
		{375DF06A-F309-43C2-A599-7B40543E21A9}.Debug|Any CPU.Build.0 = Debug|Any CPU
		{375DF06A-F309-43C2-A599-7B40543E21A9}.Release|Any CPU.ActiveCfg = Release|Any CPU
		{375DF06A-F309-43C2-A599-7B40543E21A9}.Release|Any CPU.Build.0 = Release|Any CPU
		{05007712-B6C7-4D2A-AFA3-FF63672AC2E4}.Debug|Any CPU.ActiveCfg = Debug|Any CPU
		{05007712-B6C7-4D2A-AFA3-FF63672AC2E4}.Debug|Any CPU.Build.0 = Debug|Any CPU
		{05007712-B6C7-4D2A-AFA3-FF63672AC2E4}.Release|Any CPU.ActiveCfg = Release|Any CPU
		{05007712-B6C7-4D2A-AFA3-FF63672AC2E4}.Release|Any CPU.Build.0 = Release|Any CPU
		{2FB8BE4B-74B8-449F-B5D5-36070368E303}.Debug|Any CPU.ActiveCfg = Debug|Any CPU
		{2FB8BE4B-74B8-449F-B5D5-36070368E303}.Debug|Any CPU.Build.0 = Debug|Any CPU
		{2FB8BE4B-74B8-449F-B5D5-36070368E303}.Release|Any CPU.ActiveCfg = Release|Any CPU
		{2FB8BE4B-74B8-449F-B5D5-36070368E303}.Release|Any CPU.Build.0 = Release|Any CPU
		{6091BACA-A6BB-4892-B7FB-700B5012B5CF}.Debug|Any CPU.ActiveCfg = Debug|Any CPU
		{6091BACA-A6BB-4892-B7FB-700B5012B5CF}.Debug|Any CPU.Build.0 = Debug|Any CPU
		{6091BACA-A6BB-4892-B7FB-700B5012B5CF}.Release|Any CPU.ActiveCfg = Release|Any CPU
		{6091BACA-A6BB-4892-B7FB-700B5012B5CF}.Release|Any CPU.Build.0 = Release|Any CPU
		{B0ED7D00-1A25-4C93-A21F-E7D7D3AEE5FD}.Debug|Any CPU.ActiveCfg = Debug|Any CPU
		{B0ED7D00-1A25-4C93-A21F-E7D7D3AEE5FD}.Debug|Any CPU.Build.0 = Debug|Any CPU
		{B0ED7D00-1A25-4C93-A21F-E7D7D3AEE5FD}.Release|Any CPU.ActiveCfg = Release|Any CPU
		{B0ED7D00-1A25-4C93-A21F-E7D7D3AEE5FD}.Release|Any CPU.Build.0 = Release|Any CPU
		{77D73A42-E4C6-4E84-8792-556262FE32B5}.Debug|Any CPU.ActiveCfg = Debug|Any CPU
		{77D73A42-E4C6-4E84-8792-556262FE32B5}.Debug|Any CPU.Build.0 = Debug|Any CPU
		{77D73A42-E4C6-4E84-8792-556262FE32B5}.Release|Any CPU.ActiveCfg = Release|Any CPU
		{77D73A42-E4C6-4E84-8792-556262FE32B5}.Release|Any CPU.Build.0 = Release|Any CPU
		{9514D744-5D31-4306-80A0-384695CBF5E3}.Debug|Any CPU.ActiveCfg = Debug|Any CPU
		{9514D744-5D31-4306-80A0-384695CBF5E3}.Debug|Any CPU.Build.0 = Debug|Any CPU
		{9514D744-5D31-4306-80A0-384695CBF5E3}.Release|Any CPU.ActiveCfg = Release|Any CPU
		{9514D744-5D31-4306-80A0-384695CBF5E3}.Release|Any CPU.Build.0 = Release|Any CPU
		{E3B574E1-5129-4A34-A64E-B0AAA3539BAC}.Debug|Any CPU.ActiveCfg = Debug|Any CPU
		{E3B574E1-5129-4A34-A64E-B0AAA3539BAC}.Debug|Any CPU.Build.0 = Debug|Any CPU
		{E3B574E1-5129-4A34-A64E-B0AAA3539BAC}.Release|Any CPU.ActiveCfg = Release|Any CPU
		{E3B574E1-5129-4A34-A64E-B0AAA3539BAC}.Release|Any CPU.Build.0 = Release|Any CPU
		{2613ADFE-3CCF-4E0A-8647-5269CACA4F16}.Debug|Any CPU.ActiveCfg = Debug|Any CPU
		{2613ADFE-3CCF-4E0A-8647-5269CACA4F16}.Debug|Any CPU.Build.0 = Debug|Any CPU
		{2613ADFE-3CCF-4E0A-8647-5269CACA4F16}.Release|Any CPU.ActiveCfg = Release|Any CPU
		{2613ADFE-3CCF-4E0A-8647-5269CACA4F16}.Release|Any CPU.Build.0 = Release|Any CPU
		{8AC82556-44DA-4B03-91B8-6E89FA765EAD}.Debug|Any CPU.ActiveCfg = Debug|Any CPU
		{8AC82556-44DA-4B03-91B8-6E89FA765EAD}.Debug|Any CPU.Build.0 = Debug|Any CPU
		{8AC82556-44DA-4B03-91B8-6E89FA765EAD}.Release|Any CPU.ActiveCfg = Release|Any CPU
		{8AC82556-44DA-4B03-91B8-6E89FA765EAD}.Release|Any CPU.Build.0 = Release|Any CPU
		{BED3B90E-5999-4552-9963-14F55C799093}.Debug|Any CPU.ActiveCfg = Debug|Any CPU
		{BED3B90E-5999-4552-9963-14F55C799093}.Debug|Any CPU.Build.0 = Debug|Any CPU
		{BED3B90E-5999-4552-9963-14F55C799093}.Release|Any CPU.ActiveCfg = Release|Any CPU
		{BED3B90E-5999-4552-9963-14F55C799093}.Release|Any CPU.Build.0 = Release|Any CPU
		{BB7B6353-C358-4239-A56D-823682A71B36}.Debug|Any CPU.ActiveCfg = Debug|Any CPU
		{BB7B6353-C358-4239-A56D-823682A71B36}.Debug|Any CPU.Build.0 = Debug|Any CPU
		{BB7B6353-C358-4239-A56D-823682A71B36}.Release|Any CPU.ActiveCfg = Release|Any CPU
		{BB7B6353-C358-4239-A56D-823682A71B36}.Release|Any CPU.Build.0 = Release|Any CPU
		{DAD5FE69-76E9-464E-B5DB-B20ADCC93790}.Debug|Any CPU.ActiveCfg = Debug|Any CPU
		{DAD5FE69-76E9-464E-B5DB-B20ADCC93790}.Debug|Any CPU.Build.0 = Debug|Any CPU
		{DAD5FE69-76E9-464E-B5DB-B20ADCC93790}.Release|Any CPU.ActiveCfg = Release|Any CPU
		{DAD5FE69-76E9-464E-B5DB-B20ADCC93790}.Release|Any CPU.Build.0 = Release|Any CPU
	EndGlobalSection
	GlobalSection(SolutionProperties) = preSolution
		HideSolutionNode = FALSE
	EndGlobalSection
	GlobalSection(NestedProjects) = preSolution
		{05141432-ACE7-4845-9B20-E47655DA9010} = {375558F8-9EA3-4A5A-8467-CE9E0ED4AA0B}
		{CF334BE5-1311-4893-8090-F7FED8849C78} = {375558F8-9EA3-4A5A-8467-CE9E0ED4AA0B}
		{FB0AEB15-5A5C-4296-AA60-07DFCED46125} = {375558F8-9EA3-4A5A-8467-CE9E0ED4AA0B}
		{D2949492-7295-46FC-B4D6-130416B42050} = {04973466-3C3E-456F-BA77-BD32903074A8}
		{1157D9DE-50D6-4E2C-A057-184031E81C96} = {04973466-3C3E-456F-BA77-BD32903074A8}
		{A59BF0C8-E49E-4EE8-A6DB-87E9F5E97A80} = {04973466-3C3E-456F-BA77-BD32903074A8}
		{00E17839-FB48-4868-9F4C-06002EB264CE} = {D64EA14F-67DD-443D-B59E-89129B3D041F}
		{A580206C-232F-4FE4-A4F0-6286572D514C} = {D64EA14F-67DD-443D-B59E-89129B3D041F}
		{91AF3A6F-1103-4D56-AE6E-ABAB92647309} = {D64EA14F-67DD-443D-B59E-89129B3D041F}
		{B5218941-F842-4C1A-B12A-A1EA9A3F8E63} = {6C0F7F83-05AA-4A11-B0D7-4C1A2E5B381D}
		{9901C04B-3AA8-4318-9884-B9413A11C951} = {6C0F7F83-05AA-4A11-B0D7-4C1A2E5B381D}
		{375DF06A-F309-43C2-A599-7B40543E21A9} = {6C0F7F83-05AA-4A11-B0D7-4C1A2E5B381D}
		{05007712-B6C7-4D2A-AFA3-FF63672AC2E4} = {DE187888-3438-4E70-AFDB-975AABC39CD0}
		{2FB8BE4B-74B8-449F-B5D5-36070368E303} = {DE187888-3438-4E70-AFDB-975AABC39CD0}
		{6091BACA-A6BB-4892-B7FB-700B5012B5CF} = {DE187888-3438-4E70-AFDB-975AABC39CD0}
		{B0ED7D00-1A25-4C93-A21F-E7D7D3AEE5FD} = {D46F13EC-CF03-4A61-BED8-E98AE4C85B95}
		{77D73A42-E4C6-4E84-8792-556262FE32B5} = {D46F13EC-CF03-4A61-BED8-E98AE4C85B95}
		{9514D744-5D31-4306-80A0-384695CBF5E3} = {D46F13EC-CF03-4A61-BED8-E98AE4C85B95}
		{E3B574E1-5129-4A34-A64E-B0AAA3539BAC} = {D637CDB7-CE08-4291-AA5A-DF6CB9633215}
		{2613ADFE-3CCF-4E0A-8647-5269CACA4F16} = {D637CDB7-CE08-4291-AA5A-DF6CB9633215}
		{8AC82556-44DA-4B03-91B8-6E89FA765EAD} = {D637CDB7-CE08-4291-AA5A-DF6CB9633215}
		{BED3B90E-5999-4552-9963-14F55C799093} = {1B6609B7-549E-444E-80FE-68BA43A59005}
		{BB7B6353-C358-4239-A56D-823682A71B36} = {1B6609B7-549E-444E-80FE-68BA43A59005}
		{DAD5FE69-76E9-464E-B5DB-B20ADCC93790} = {1B6609B7-549E-444E-80FE-68BA43A59005}
	EndGlobalSection
	GlobalSection(ExtensibilityGlobals) = postSolution
		SolutionGuid = {98D729DF-EEDC-4387-98B6-33B552B7DC19}
	EndGlobalSection
EndGlobal
